
Microsoft Visual Studio Solution File, Format Version 12.00
# Visual Studio Version 16
VisualStudioVersion = 16.0.29920.165
MinimumVisualStudioVersion = 10.0.40219.1
Project("{FAE04EC0-301F-11D3-BF4B-00C04F79EFBC}") = "Exam1.WebApplication", "Exam1.WebApplication\Exam1.WebApplication.csproj", "{98268F7F-5061-434D-94ED-BF81BB696508}"
EndProject
Project("{FAE04EC0-301F-11D3-BF4B-00C04F79EFBC}") = "Exam1.Framework", "Exam1.Framework\Exam1.Framework.csproj", "{7E27C3F5-03E3-4766-80BD-DC6390CE44F8}"
EndProject
Project("{FAE04EC0-301F-11D3-BF4B-00C04F79EFBC}") = "Exam1.Data", "Exam1.Data\Exam1.Data.csproj", "{B68C49E4-AD32-4D90-B752-06E3B7CB00FC}"
EndProject
Global
	GlobalSection(SolutionConfigurationPlatforms) = preSolution
		Debug|Any CPU = Debug|Any CPU
		Release|Any CPU = Release|Any CPU
	EndGlobalSection
	GlobalSection(ProjectConfigurationPlatforms) = postSolution
		{98268F7F-5061-434D-94ED-BF81BB696508}.Debug|Any CPU.ActiveCfg = Debug|Any CPU
		{98268F7F-5061-434D-94ED-BF81BB696508}.Debug|Any CPU.Build.0 = Debug|Any CPU
		{98268F7F-5061-434D-94ED-BF81BB696508}.Release|Any CPU.ActiveCfg = Release|Any CPU
		{98268F7F-5061-434D-94ED-BF81BB696508}.Release|Any CPU.Build.0 = Release|Any CPU
		{7E27C3F5-03E3-4766-80BD-DC6390CE44F8}.Debug|Any CPU.ActiveCfg = Debug|Any CPU
		{7E27C3F5-03E3-4766-80BD-DC6390CE44F8}.Debug|Any CPU.Build.0 = Debug|Any CPU
		{7E27C3F5-03E3-4766-80BD-DC6390CE44F8}.Release|Any CPU.ActiveCfg = Release|Any CPU
		{7E27C3F5-03E3-4766-80BD-DC6390CE44F8}.Release|Any CPU.Build.0 = Release|Any CPU
		{B68C49E4-AD32-4D90-B752-06E3B7CB00FC}.Debug|Any CPU.ActiveCfg = Debug|Any CPU
		{B68C49E4-AD32-4D90-B752-06E3B7CB00FC}.Debug|Any CPU.Build.0 = Debug|Any CPU
		{B68C49E4-AD32-4D90-B752-06E3B7CB00FC}.Release|Any CPU.ActiveCfg = Release|Any CPU
		{B68C49E4-AD32-4D90-B752-06E3B7CB00FC}.Release|Any CPU.Build.0 = Release|Any CPU
	EndGlobalSection
	GlobalSection(SolutionProperties) = preSolution
		HideSolutionNode = FALSE
	EndGlobalSection
	GlobalSection(ExtensibilityGlobals) = postSolution
		SolutionGuid = {451B69A1-EB49-4F11-A527-F463A0A199D0}
	EndGlobalSection
EndGlobal
